// !$*UTF8*$!
{
	archiveVersion = 1;
	classes = {
	};
	objectVersion = 50;
	objects = {

/* Begin PBXBuildFile section */
		830882182247C39000200C36 /* AppDelegate.swift in Sources */ = {isa = PBXBuildFile; fileRef = 830882172247C39000200C36 /* AppDelegate.swift */; };
		8308821A2247C39000200C36 /* ViewController.swift in Sources */ = {isa = PBXBuildFile; fileRef = 830882192247C39000200C36 /* ViewController.swift */; };
		8308821D2247C39000200C36 /* Main.storyboard in Resources */ = {isa = PBXBuildFile; fileRef = 8308821B2247C39000200C36 /* Main.storyboard */; };
		8308821F2247C39100200C36 /* Assets.xcassets in Resources */ = {isa = PBXBuildFile; fileRef = 8308821E2247C39100200C36 /* Assets.xcassets */; };
		830882222247C39100200C36 /* LaunchScreen.storyboard in Resources */ = {isa = PBXBuildFile; fileRef = 830882202247C39100200C36 /* LaunchScreen.storyboard */; };
		8308822A2247C8C100200C36 /* RegisterViewController.swift in Sources */ = {isa = PBXBuildFile; fileRef = 830882292247C8C100200C36 /* RegisterViewController.swift */; };
		8308822D2247CA5900200C36 /* RegisterCurrentEmploymentCell.swift in Sources */ = {isa = PBXBuildFile; fileRef = 8308822B2247CA5900200C36 /* RegisterCurrentEmploymentCell.swift */; };
		8308822E2247CA5900200C36 /* RegisterCurrentEmploymentCell.xib in Resources */ = {isa = PBXBuildFile; fileRef = 8308822C2247CA5900200C36 /* RegisterCurrentEmploymentCell.xib */; };
		830882332247CA8300200C36 /* RegisterPreviousEmploymentCell.swift in Sources */ = {isa = PBXBuildFile; fileRef = 830882312247CA8300200C36 /* RegisterPreviousEmploymentCell.swift */; };
		830882342247CA8300200C36 /* RegisterPreviousEmploymentCell.xib in Resources */ = {isa = PBXBuildFile; fileRef = 830882322247CA8300200C36 /* RegisterPreviousEmploymentCell.xib */; };
		830882372247CA9800200C36 /* RegisterEducationCell.swift in Sources */ = {isa = PBXBuildFile; fileRef = 830882352247CA9800200C36 /* RegisterEducationCell.swift */; };
		830882382247CA9800200C36 /* RegisterEducationCell.xib in Resources */ = {isa = PBXBuildFile; fileRef = 830882362247CA9800200C36 /* RegisterEducationCell.xib */; };
		8308823A2247CEA400200C36 /* RegisterAgreementViewController.swift in Sources */ = {isa = PBXBuildFile; fileRef = 830882392247CEA400200C36 /* RegisterAgreementViewController.swift */; };
		8308823C2247D1DE00200C36 /* HomeViewController.swift in Sources */ = {isa = PBXBuildFile; fileRef = 8308823B2247D1DE00200C36 /* HomeViewController.swift */; };
		8308823F2247D51D00200C36 /* ServiceTimelineCellTableViewCell.swift in Sources */ = {isa = PBXBuildFile; fileRef = 8308823D2247D51D00200C36 /* ServiceTimelineCellTableViewCell.swift */; };
		830882402247D51D00200C36 /* ServiceTimelineCellTableViewCell.xib in Resources */ = {isa = PBXBuildFile; fileRef = 8308823E2247D51D00200C36 /* ServiceTimelineCellTableViewCell.xib */; };
		830882422247D7C800200C36 /* TimelineViewController.swift in Sources */ = {isa = PBXBuildFile; fileRef = 830882412247D7C800200C36 /* TimelineViewController.swift */; };
		830882492247DB3800200C36 /* ServiceTimelineHistoryCell.swift in Sources */ = {isa = PBXBuildFile; fileRef = 830882472247DB3800200C36 /* ServiceTimelineHistoryCell.swift */; };
		8308824A2247DB3800200C36 /* ServiceTimelineHistoryCell.xib in Resources */ = {isa = PBXBuildFile; fileRef = 830882482247DB3800200C36 /* ServiceTimelineHistoryCell.xib */; };
		8308824C2247EA0800200C36 /* RequestApprovalViewController.swift in Sources */ = {isa = PBXBuildFile; fileRef = 8308824B2247EA0800200C36 /* RequestApprovalViewController.swift */; };
		8308824F2247EB9F00200C36 /* PatientRequestCell.swift in Sources */ = {isa = PBXBuildFile; fileRef = 8308824D2247EB9F00200C36 /* PatientRequestCell.swift */; };
		830882502247EB9F00200C36 /* PatientRequestCell.xib in Resources */ = {isa = PBXBuildFile; fileRef = 8308824E2247EB9F00200C36 /* PatientRequestCell.xib */; };
		830882532247EBDC00200C36 /* PhysicianDetailsCell.swift in Sources */ = {isa = PBXBuildFile; fileRef = 830882512247EBDC00200C36 /* PhysicianDetailsCell.swift */; };
		830882542247EBDC00200C36 /* PhysicianDetailsCell.xib in Resources */ = {isa = PBXBuildFile; fileRef = 830882522247EBDC00200C36 /* PhysicianDetailsCell.xib */; };
/* End PBXBuildFile section */

/* Begin PBXFileReference section */
		830882142247C39000200C36 /* LyftNurseMaster.app */ = {isa = PBXFileReference; explicitFileType = wrapper.application; includeInIndex = 0; path = LyftNurseMaster.app; sourceTree = BUILT_PRODUCTS_DIR; };
		830882172247C39000200C36 /* AppDelegate.swift */ = {isa = PBXFileReference; lastKnownFileType = sourcecode.swift; path = AppDelegate.swift; sourceTree = "<group>"; };
		830882192247C39000200C36 /* ViewController.swift */ = {isa = PBXFileReference; lastKnownFileType = sourcecode.swift; path = ViewController.swift; sourceTree = "<group>"; };
		8308821C2247C39000200C36 /* Base */ = {isa = PBXFileReference; lastKnownFileType = file.storyboard; name = Base; path = Base.lproj/Main.storyboard; sourceTree = "<group>"; };
		8308821E2247C39100200C36 /* Assets.xcassets */ = {isa = PBXFileReference; lastKnownFileType = folder.assetcatalog; path = Assets.xcassets; sourceTree = "<group>"; };
		830882212247C39100200C36 /* Base */ = {isa = PBXFileReference; lastKnownFileType = file.storyboard; name = Base; path = Base.lproj/LaunchScreen.storyboard; sourceTree = "<group>"; };
		830882232247C39100200C36 /* Info.plist */ = {isa = PBXFileReference; lastKnownFileType = text.plist.xml; path = Info.plist; sourceTree = "<group>"; };
		830882292247C8C100200C36 /* RegisterViewController.swift */ = {isa = PBXFileReference; lastKnownFileType = sourcecode.swift; path = RegisterViewController.swift; sourceTree = "<group>"; };
		8308822B2247CA5900200C36 /* RegisterCurrentEmploymentCell.swift */ = {isa = PBXFileReference; lastKnownFileType = sourcecode.swift; path = RegisterCurrentEmploymentCell.swift; sourceTree = "<group>"; };
		8308822C2247CA5900200C36 /* RegisterCurrentEmploymentCell.xib */ = {isa = PBXFileReference; lastKnownFileType = file.xib; path = RegisterCurrentEmploymentCell.xib; sourceTree = "<group>"; };
		830882312247CA8300200C36 /* RegisterPreviousEmploymentCell.swift */ = {isa = PBXFileReference; lastKnownFileType = sourcecode.swift; path = RegisterPreviousEmploymentCell.swift; sourceTree = "<group>"; };
		830882322247CA8300200C36 /* RegisterPreviousEmploymentCell.xib */ = {isa = PBXFileReference; lastKnownFileType = file.xib; path = RegisterPreviousEmploymentCell.xib; sourceTree = "<group>"; };
		830882352247CA9800200C36 /* RegisterEducationCell.swift */ = {isa = PBXFileReference; lastKnownFileType = sourcecode.swift; path = RegisterEducationCell.swift; sourceTree = "<group>"; };
		830882362247CA9800200C36 /* RegisterEducationCell.xib */ = {isa = PBXFileReference; lastKnownFileType = file.xib; path = RegisterEducationCell.xib; sourceTree = "<group>"; };
		830882392247CEA400200C36 /* RegisterAgreementViewController.swift */ = {isa = PBXFileReference; lastKnownFileType = sourcecode.swift; path = RegisterAgreementViewController.swift; sourceTree = "<group>"; };
		8308823B2247D1DE00200C36 /* HomeViewController.swift */ = {isa = PBXFileReference; lastKnownFileType = sourcecode.swift; path = HomeViewController.swift; sourceTree = "<group>"; };
		8308823D2247D51D00200C36 /* ServiceTimelineCellTableViewCell.swift */ = {isa = PBXFileReference; lastKnownFileType = sourcecode.swift; path = ServiceTimelineCellTableViewCell.swift; sourceTree = "<group>"; };
		8308823E2247D51D00200C36 /* ServiceTimelineCellTableViewCell.xib */ = {isa = PBXFileReference; lastKnownFileType = file.xib; path = ServiceTimelineCellTableViewCell.xib; sourceTree = "<group>"; };
		830882412247D7C800200C36 /* TimelineViewController.swift */ = {isa = PBXFileReference; lastKnownFileType = sourcecode.swift; path = TimelineViewController.swift; sourceTree = "<group>"; };
		830882472247DB3800200C36 /* ServiceTimelineHistoryCell.swift */ = {isa = PBXFileReference; lastKnownFileType = sourcecode.swift; path = ServiceTimelineHistoryCell.swift; sourceTree = "<group>"; };
		830882482247DB3800200C36 /* ServiceTimelineHistoryCell.xib */ = {isa = PBXFileReference; lastKnownFileType = file.xib; path = ServiceTimelineHistoryCell.xib; sourceTree = "<group>"; };
		8308824B2247EA0800200C36 /* RequestApprovalViewController.swift */ = {isa = PBXFileReference; lastKnownFileType = sourcecode.swift; path = RequestApprovalViewController.swift; sourceTree = "<group>"; };
		8308824D2247EB9F00200C36 /* PatientRequestCell.swift */ = {isa = PBXFileReference; lastKnownFileType = sourcecode.swift; path = PatientRequestCell.swift; sourceTree = "<group>"; };
		8308824E2247EB9F00200C36 /* PatientRequestCell.xib */ = {isa = PBXFileReference; lastKnownFileType = file.xib; path = PatientRequestCell.xib; sourceTree = "<group>"; };
		830882512247EBDC00200C36 /* PhysicianDetailsCell.swift */ = {isa = PBXFileReference; lastKnownFileType = sourcecode.swift; path = PhysicianDetailsCell.swift; sourceTree = "<group>"; };
		830882522247EBDC00200C36 /* PhysicianDetailsCell.xib */ = {isa = PBXFileReference; lastKnownFileType = file.xib; path = PhysicianDetailsCell.xib; sourceTree = "<group>"; };
/* End PBXFileReference section */

/* Begin PBXFrameworksBuildPhase section */
		830882112247C39000200C36 /* Frameworks */ = {
			isa = PBXFrameworksBuildPhase;
			buildActionMask = 2147483647;
			files = (
			);
			runOnlyForDeploymentPostprocessing = 0;
		};
/* End PBXFrameworksBuildPhase section */

/* Begin PBXGroup section */
		8308820B2247C39000200C36 = {
			isa = PBXGroup;
			children = (
				830882162247C39000200C36 /* LyftNurseMaster */,
				830882152247C39000200C36 /* Products */,
			);
			sourceTree = "<group>";
		};
		830882152247C39000200C36 /* Products */ = {
			isa = PBXGroup;
			children = (
				830882142247C39000200C36 /* LyftNurseMaster.app */,
			);
			name = Products;
			sourceTree = "<group>";
		};
		830882162247C39000200C36 /* LyftNurseMaster */ = {
			isa = PBXGroup;
			children = (
				830882172247C39000200C36 /* AppDelegate.swift */,
				830882192247C39000200C36 /* ViewController.swift */,
				8308821B2247C39000200C36 /* Main.storyboard */,
				830882292247C8C100200C36 /* RegisterViewController.swift */,
				8308821E2247C39100200C36 /* Assets.xcassets */,
				830882202247C39100200C36 /* LaunchScreen.storyboard */,
				830882232247C39100200C36 /* Info.plist */,
				8308822B2247CA5900200C36 /* RegisterCurrentEmploymentCell.swift */,
				8308822C2247CA5900200C36 /* RegisterCurrentEmploymentCell.xib */,
				830882312247CA8300200C36 /* RegisterPreviousEmploymentCell.swift */,
				830882322247CA8300200C36 /* RegisterPreviousEmploymentCell.xib */,
				830882352247CA9800200C36 /* RegisterEducationCell.swift */,
				830882362247CA9800200C36 /* RegisterEducationCell.xib */,
				830882392247CEA400200C36 /* RegisterAgreementViewController.swift */,
				8308823B2247D1DE00200C36 /* HomeViewController.swift */,
				8308823D2247D51D00200C36 /* ServiceTimelineCellTableViewCell.swift */,
				8308823E2247D51D00200C36 /* ServiceTimelineCellTableViewCell.xib */,
				830882412247D7C800200C36 /* TimelineViewController.swift */,
				830882472247DB3800200C36 /* ServiceTimelineHistoryCell.swift */,
				830882482247DB3800200C36 /* ServiceTimelineHistoryCell.xib */,
				8308824B2247EA0800200C36 /* RequestApprovalViewController.swift */,
				8308824D2247EB9F00200C36 /* PatientRequestCell.swift */,
				8308824E2247EB9F00200C36 /* PatientRequestCell.xib */,
				830882512247EBDC00200C36 /* PhysicianDetailsCell.swift */,
				830882522247EBDC00200C36 /* PhysicianDetailsCell.xib */,
			);
			path = LyftNurseMaster;
			sourceTree = "<group>";
		};
/* End PBXGroup section */

/* Begin PBXNativeTarget section */
		830882132247C39000200C36 /* LyftNurseMaster */ = {
			isa = PBXNativeTarget;
			buildConfigurationList = 830882262247C39100200C36 /* Build configuration list for PBXNativeTarget "LyftNurseMaster" */;
			buildPhases = (
				830882102247C39000200C36 /* Sources */,
				830882112247C39000200C36 /* Frameworks */,
				830882122247C39000200C36 /* Resources */,
			);
			buildRules = (
			);
			dependencies = (
			);
			name = LyftNurseMaster;
			productName = LyftNurseMaster;
			productReference = 830882142247C39000200C36 /* LyftNurseMaster.app */;
			productType = "com.apple.product-type.application";
		};
/* End PBXNativeTarget section */

/* Begin PBXProject section */
		8308820C2247C39000200C36 /* Project object */ = {
			isa = PBXProject;
			attributes = {
				LastSwiftUpdateCheck = 1010;
				LastUpgradeCheck = 1010;
				ORGANIZATIONNAME = lyftnurse;
				TargetAttributes = {
					830882132247C39000200C36 = {
						CreatedOnToolsVersion = 10.1;
					};
				};
			};
			buildConfigurationList = 8308820F2247C39000200C36 /* Build configuration list for PBXProject "LyftNurseMaster" */;
			compatibilityVersion = "Xcode 9.3";
			developmentRegion = en;
			hasScannedForEncodings = 0;
			knownRegions = (
				en,
				Base,
			);
			mainGroup = 8308820B2247C39000200C36;
			productRefGroup = 830882152247C39000200C36 /* Products */;
			projectDirPath = "";
			projectRoot = "";
			targets = (
				830882132247C39000200C36 /* LyftNurseMaster */,
			);
		};
/* End PBXProject section */

/* Begin PBXResourcesBuildPhase section */
		830882122247C39000200C36 /* Resources */ = {
			isa = PBXResourcesBuildPhase;
			buildActionMask = 2147483647;
			files = (
				8308822E2247CA5900200C36 /* RegisterCurrentEmploymentCell.xib in Resources */,
				830882502247EB9F00200C36 /* PatientRequestCell.xib in Resources */,
				8308824A2247DB3800200C36 /* ServiceTimelineHistoryCell.xib in Resources */,
				830882222247C39100200C36 /* LaunchScreen.storyboard in Resources */,
				8308821F2247C39100200C36 /* Assets.xcassets in Resources */,
				830882402247D51D00200C36 /* ServiceTimelineCellTableViewCell.xib in Resources */,
				830882382247CA9800200C36 /* RegisterEducationCell.xib in Resources */,
				830882342247CA8300200C36 /* RegisterPreviousEmploymentCell.xib in Resources */,
				8308821D2247C39000200C36 /* Main.storyboard in Resources */,
				830882542247EBDC00200C36 /* PhysicianDetailsCell.xib in Resources */,
			);
			runOnlyForDeploymentPostprocessing = 0;
		};
/* End PBXResourcesBuildPhase section */

/* Begin PBXSourcesBuildPhase section */
		830882102247C39000200C36 /* Sources */ = {
			isa = PBXSourcesBuildPhase;
			buildActionMask = 2147483647;
			files = (
				8308824F2247EB9F00200C36 /* PatientRequestCell.swift in Sources */,
				830882532247EBDC00200C36 /* PhysicianDetailsCell.swift in Sources */,
				830882332247CA8300200C36 /* RegisterPreviousEmploymentCell.swift in Sources */,
				8308822D2247CA5900200C36 /* RegisterCurrentEmploymentCell.swift in Sources */,
				8308822A2247C8C100200C36 /* RegisterViewController.swift in Sources */,
				830882492247DB3800200C36 /* ServiceTimelineHistoryCell.swift in Sources */,
				8308823F2247D51D00200C36 /* ServiceTimelineCellTableViewCell.swift in Sources */,
				8308823C2247D1DE00200C36 /* HomeViewController.swift in Sources */,
				830882372247CA9800200C36 /* RegisterEducationCell.swift in Sources */,
				8308824C2247EA0800200C36 /* RequestApprovalViewController.swift in Sources */,
				8308821A2247C39000200C36 /* ViewController.swift in Sources */,
				8308823A2247CEA400200C36 /* RegisterAgreementViewController.swift in Sources */,
				830882182247C39000200C36 /* AppDelegate.swift in Sources */,
				830882422247D7C800200C36 /* TimelineViewController.swift in Sources */,
			);
			runOnlyForDeploymentPostprocessing = 0;
		};
/* End PBXSourcesBuildPhase section */

/* Begin PBXVariantGroup section */
		8308821B2247C39000200C36 /* Main.storyboard */ = {
			isa = PBXVariantGroup;
			children = (
				8308821C2247C39000200C36 /* Base */,
			);
			name = Main.storyboard;
			sourceTree = "<group>";
		};
		830882202247C39100200C36 /* LaunchScreen.storyboard */ = {
			isa = PBXVariantGroup;
			children = (
				830882212247C39100200C36 /* Base */,
			);
			name = LaunchScreen.storyboard;
			sourceTree = "<group>";
		};
/* End PBXVariantGroup section */

/* Begin XCBuildConfiguration section */
		830882242247C39100200C36 /* Debug */ = {
			isa = XCBuildConfiguration;
			buildSettings = {
				ALWAYS_SEARCH_USER_PATHS = NO;
				CLANG_ANALYZER_NONNULL = YES;
				CLANG_ANALYZER_NUMBER_OBJECT_CONVERSION = YES_AGGRESSIVE;
				CLANG_CXX_LANGUAGE_STANDARD = "gnu++14";
				CLANG_CXX_LIBRARY = "libc++";
				CLANG_ENABLE_MODULES = YES;
				CLANG_ENABLE_OBJC_ARC = YES;
				CLANG_ENABLE_OBJC_WEAK = YES;
				CLANG_WARN_BLOCK_CAPTURE_AUTORELEASING = YES;
				CLANG_WARN_BOOL_CONVERSION = YES;
				CLANG_WARN_COMMA = YES;
				CLANG_WARN_CONSTANT_CONVERSION = YES;
				CLANG_WARN_DEPRECATED_OBJC_IMPLEMENTATIONS = YES;
				CLANG_WARN_DIRECT_OBJC_ISA_USAGE = YES_ERROR;
				CLANG_WARN_DOCUMENTATION_COMMENTS = YES;
				CLANG_WARN_EMPTY_BODY = YES;
				CLANG_WARN_ENUM_CONVERSION = YES;
				CLANG_WARN_INFINITE_RECURSION = YES;
				CLANG_WARN_INT_CONVERSION = YES;
				CLANG_WARN_NON_LITERAL_NULL_CONVERSION = YES;
				CLANG_WARN_OBJC_IMPLICIT_RETAIN_SELF = YES;
				CLANG_WARN_OBJC_LITERAL_CONVERSION = YES;
				CLANG_WARN_OBJC_ROOT_CLASS = YES_ERROR;
				CLANG_WARN_RANGE_LOOP_ANALYSIS = YES;
				CLANG_WARN_STRICT_PROTOTYPES = YES;
				CLANG_WARN_SUSPICIOUS_MOVE = YES;
				CLANG_WARN_UNGUARDED_AVAILABILITY = YES_AGGRESSIVE;
				CLANG_WARN_UNREACHABLE_CODE = YES;
				CLANG_WARN__DUPLICATE_METHOD_MATCH = YES;
				CODE_SIGN_IDENTITY = "iPhone Developer";
				COPY_PHASE_STRIP = NO;
				DEBUG_INFORMATION_FORMAT = dwarf;
				ENABLE_STRICT_OBJC_MSGSEND = YES;
				ENABLE_TESTABILITY = YES;
				GCC_C_LANGUAGE_STANDARD = gnu11;
				GCC_DYNAMIC_NO_PIC = NO;
				GCC_NO_COMMON_BLOCKS = YES;
				GCC_OPTIMIZATION_LEVEL = 0;
				GCC_PREPROCESSOR_DEFINITIONS = (
					"DEBUG=1",
					"$(inherited)",
				);
				GCC_WARN_64_TO_32_BIT_CONVERSION = YES;
				GCC_WARN_ABOUT_RETURN_TYPE = YES_ERROR;
				GCC_WARN_UNDECLARED_SELECTOR = YES;
				GCC_WARN_UNINITIALIZED_AUTOS = YES_AGGRESSIVE;
				GCC_WARN_UNUSED_FUNCTION = YES;
				GCC_WARN_UNUSED_VARIABLE = YES;
				IPHONEOS_DEPLOYMENT_TARGET = 12.1;
				MTL_ENABLE_DEBUG_INFO = INCLUDE_SOURCE;
				MTL_FAST_MATH = YES;
				ONLY_ACTIVE_ARCH = YES;
				SDKROOT = iphoneos;
				SWIFT_ACTIVE_COMPILATION_CONDITIONS = DEBUG;
				SWIFT_OPTIMIZATION_LEVEL = "-Onone";
			};
			name = Debug;
		};
		830882252247C39100200C36 /* Release */ = {
			isa = XCBuildConfiguration;
			buildSettings = {
				ALWAYS_SEARCH_USER_PATHS = NO;
				CLANG_ANALYZER_NONNULL = YES;
				CLANG_ANALYZER_NUMBER_OBJECT_CONVERSION = YES_AGGRESSIVE;
				CLANG_CXX_LANGUAGE_STANDARD = "gnu++14";
				CLANG_CXX_LIBRARY = "libc++";
				CLANG_ENABLE_MODULES = YES;
				CLANG_ENABLE_OBJC_ARC = YES;
				CLANG_ENABLE_OBJC_WEAK = YES;
				CLANG_WARN_BLOCK_CAPTURE_AUTORELEASING = YES;
				CLANG_WARN_BOOL_CONVERSION = YES;
				CLANG_WARN_COMMA = YES;
				CLANG_WARN_CONSTANT_CONVERSION = YES;
				CLANG_WARN_DEPRECATED_OBJC_IMPLEMENTATIONS = YES;
				CLANG_WARN_DIRECT_OBJC_ISA_USAGE = YES_ERROR;
				CLANG_WARN_DOCUMENTATION_COMMENTS = YES;
				CLANG_WARN_EMPTY_BODY = YES;
				CLANG_WARN_ENUM_CONVERSION = YES;
				CLANG_WARN_INFINITE_RECURSION = YES;
				CLANG_WARN_INT_CONVERSION = YES;
				CLANG_WARN_NON_LITERAL_NULL_CONVERSION = YES;
				CLANG_WARN_OBJC_IMPLICIT_RETAIN_SELF = YES;
				CLANG_WARN_OBJC_LITERAL_CONVERSION = YES;
				CLANG_WARN_OBJC_ROOT_CLASS = YES_ERROR;
				CLANG_WARN_RANGE_LOOP_ANALYSIS = YES;
				CLANG_WARN_STRICT_PROTOTYPES = YES;
				CLANG_WARN_SUSPICIOUS_MOVE = YES;
				CLANG_WARN_UNGUARDED_AVAILABILITY = YES_AGGRESSIVE;
				CLANG_WARN_UNREACHABLE_CODE = YES;
				CLANG_WARN__DUPLICATE_METHOD_MATCH = YES;
				CODE_SIGN_IDENTITY = "iPhone Developer";
				COPY_PHASE_STRIP = NO;
				DEBUG_INFORMATION_FORMAT = "dwarf-with-dsym";
				ENABLE_NS_ASSERTIONS = NO;
				ENABLE_STRICT_OBJC_MSGSEND = YES;
				GCC_C_LANGUAGE_STANDARD = gnu11;
				GCC_NO_COMMON_BLOCKS = YES;
				GCC_WARN_64_TO_32_BIT_CONVERSION = YES;
				GCC_WARN_ABOUT_RETURN_TYPE = YES_ERROR;
				GCC_WARN_UNDECLARED_SELECTOR = YES;
				GCC_WARN_UNINITIALIZED_AUTOS = YES_AGGRESSIVE;
				GCC_WARN_UNUSED_FUNCTION = YES;
				GCC_WARN_UNUSED_VARIABLE = YES;
				IPHONEOS_DEPLOYMENT_TARGET = 12.1;
				MTL_ENABLE_DEBUG_INFO = NO;
				MTL_FAST_MATH = YES;
				SDKROOT = iphoneos;
				SWIFT_COMPILATION_MODE = wholemodule;
				SWIFT_OPTIMIZATION_LEVEL = "-O";
				VALIDATE_PRODUCT = YES;
			};
			name = Release;
		};
		830882272247C39100200C36 /* Debug */ = {
			isa = XCBuildConfiguration;
			buildSettings = {
				ASSETCATALOG_COMPILER_APPICON_NAME = AppIcon;
				CODE_SIGN_STYLE = Automatic;
				DEVELOPMENT_TEAM = V252TK6927;
				INFOPLIST_FILE = LyftNurseMaster/Info.plist;
				LD_RUNPATH_SEARCH_PATHS = (
					"$(inherited)",
					"@executable_path/Frameworks",
				);
				PRODUCT_BUNDLE_IDENTIFIER = com.lyftnurse.master.LyftNurseMaster;
				PRODUCT_NAME = "$(TARGET_NAME)";
				SWIFT_VERSION = 4.2;
				TARGETED_DEVICE_FAMILY = "1,2";
			};
			name = Debug;
		};
		830882282247C39100200C36 /* Release */ = {
			isa = XCBuildConfiguration;
			buildSettings = {
				ASSETCATALOG_COMPILER_APPICON_NAME = AppIcon;
				CODE_SIGN_STYLE = Automatic;
				DEVELOPMENT_TEAM = V252TK6927;
				INFOPLIST_FILE = LyftNurseMaster/Info.plist;
				LD_RUNPATH_SEARCH_PATHS = (
					"$(inherited)",
					"@executable_path/Frameworks",
				);
				PRODUCT_BUNDLE_IDENTIFIER = com.lyftnurse.master.LyftNurseMaster;
				PRODUCT_NAME = "$(TARGET_NAME)";
				SWIFT_VERSION = 4.2;
				TARGETED_DEVICE_FAMILY = "1,2";
			};
			name = Release;
		};
/* End XCBuildConfiguration section */

/* Begin XCConfigurationList section */
		8308820F2247C39000200C36 /* Build configuration list for PBXProject "LyftNurseMaster" */ = {
			isa = XCConfigurationList;
			buildConfigurations = (
				830882242247C39100200C36 /* Debug */,
				830882252247C39100200C36 /* Release */,
			);
			defaultConfigurationIsVisible = 0;
			defaultConfigurationName = Release;
		};
		830882262247C39100200C36 /* Build configuration list for PBXNativeTarget "LyftNurseMaster" */ = {
			isa = XCConfigurationList;
			buildConfigurations = (
				830882272247C39100200C36 /* Debug */,
				830882282247C39100200C36 /* Release */,
			);
			defaultConfigurationIsVisible = 0;
			defaultConfigurationName = Release;
		};
/* End XCConfigurationList section */
	};
	rootObject = 8308820C2247C39000200C36 /* Project object */;
}
